{
  "nodes": {
    "flake-utils": {
      "locked": {
        "lastModified": 1656928814,
        "narHash": "sha256-RIFfgBuKz6Hp89yRr7+NR5tzIAbn52h8vT6vXkYjZoM=",
        "owner": "numtide",
        "repo": "flake-utils",
        "rev": "7e2a3b3dfd9af950a856d66b0a7d01e3c18aa249",
        "type": "github"
      },
      "original": {
        "owner": "numtide",
        "repo": "flake-utils",
        "type": "github"
      }
    },
    "mach-nix": {
      "inputs": {
        "flake-utils": [
          "flake-utils"
        ],
        "nixpkgs": [
          "nixpkgs"
        ],
        "pypi-deps-db": [
          "pypi-deps-db"
        ]
      },
      "locked": {
        "lastModified": 1657089034,
        "narHash": "sha256-qSjk1iOi14ijAOP6QuGfE3fvy08aVxsgus+ArwgiyuU=",
        "owner": "DavHau",
        "repo": "mach-nix",
        "rev": "51caf584f26acdfaa51bbf7ee1ffa365aea7bc64",
        "type": "github"
      },
      "original": {
        "owner": "DavHau",
        "repo": "mach-nix",
        "type": "github"
      }
    },
    "nixpkgs": {
      "locked": {
        "lastModified": 1658521163,
        "narHash": "sha256-ZL/zy0VVJimhcp+6Qfn+V4Ivz+ekVCIPOom/Uzd/Izc=",
        "owner": "NixOS",
        "repo": "nixpkgs",
        "rev": "9bff95887026009128e29007902b4d8a51767eb3",
        "type": "github"
      },
      "original": {
        "owner": "NixOS",
        "repo": "nixpkgs",
        "type": "github"
      }
    },
    "pypi-deps-db": {
      "flake": false,
      "locked": {
        "lastModified": 1658521705,
        "narHash": "sha256-12cavMprrHMhMuTQR3yOWZXwVDwrFzSNSrKH+olE63E=",
        "owner": "DavHau",
        "repo": "pypi-deps-db",
        "rev": "ad6fdfe6fc3043e09c6b55df7370a22951669c4b",
        "type": "github"
      },
      "original": {
        "owner": "DavHau",
        "repo": "pypi-deps-db",
        "type": "github"
      }
    },
    "root": {
      "inputs": {
        "flake-utils": "flake-utils",
        "mach-nix": "mach-nix",
        "nixpkgs": "nixpkgs",
        "pypi-deps-db": "pypi-deps-db"
      }
    }
  },
  "root": "root",
  "version": 7
}
